PODS:
  - ExtensibleEnumeratedName (1.0.3)
  - WolfAnyCodable (1.0.2)
  - WolfGraph (0.1.1):
    - ExtensibleEnumeratedName
    - WolfAnyCodable

DEPENDENCIES:
  - WolfGraph (from `../`)

SPEC REPOS:
  https://github.com/cocoapods/specs.git:
    - ExtensibleEnumeratedName
    - WolfAnyCodable

EXTERNAL SOURCES:
  WolfGraph:
    :path: "../"

SPEC CHECKSUMS:
  ExtensibleEnumeratedName: c6caeb662f79105e7229a613f9043e8a7e15e642
  WolfAnyCodable: 60680e90fff80f6b3c1099610ea6de47540e644e
  WolfGraph: b4b5959cc936d6a51e2af76688bffef881c95b39

PODFILE CHECKSUM: 2a3553a0d023e1182f2d26e4aa7c27d76c974618

COCOAPODS: 1.6.0.beta.1
