PODS:
  - BezierKit (0.1.12)
  - ExtensibleEnumeratedName (2.0)
  - VectorBoolean (0.2.0)
  - WolfAnimation (1.3.0):
    - WolfConcurrency
    - WolfFoundation
    - WolfLog
  - WolfApp (1.0.4):
    - WolfAnimation
    - WolfConcurrency
    - WolfFoundation
    - WolfLocale
    - WolfOSBridge
  - WolfAutolayout (2.0.0):
    - WolfFoundation
    - WolfGeometry
    - WolfOSBridge
    - WolfPipe
  - WolfCache (1.0.3):
    - ExtensibleEnumeratedName
    - WolfConcurrency
    - WolfImage
    - WolfLog
    - WolfNetwork
  - WolfColor (4.0.0):
    - WolfFoundation
    - WolfNumerics
    - WolfOSBridge
    - WolfPipe
  - WolfConcurrency (1.1.3):
    - WolfFoundation
    - WolfLog
    - WolfNumerics
  - WolfFoundation (3.0.0):
    - WolfNumerics
    - WolfPipe
  - WolfGeometry (4.0.0):
    - ExtensibleEnumeratedName
    - WolfFoundation
    - WolfNumerics
    - WolfStrings
  - WolfGraph (0.2.0):
    - ExtensibleEnumeratedName
    - WolfColor
    - WolfFoundation
    - WolfGeometry
    - WolfNumerics
    - WolfWith
  - WolfImage (4.0.0):
    - WolfColor
    - WolfFoundation
    - WolfGeometry
    - WolfNumerics
    - WolfOSBridge
    - WolfPipe
  - WolfLocale (1.0.2):
    - ExtensibleEnumeratedName
    - WolfLog
    - WolfStrings
  - WolfLog (2.0.0):
    - ExtensibleEnumeratedName
    - WolfNumerics
    - WolfStrings
  - WolfNesting (2.0.0)
  - WolfNetwork (1.0.4):
    - ExtensibleEnumeratedName
    - WolfApp
    - WolfConcurrency
    - WolfFoundation
    - WolfLocale
    - WolfLog
    - WolfPipe
    - WolfPubSub
    - WolfSec
  - WolfNumerics (4.0)
  - WolfOSBridge (2.0.0)
  - WolfPaths (0.1.0):
    - BezierKit
    - VectorBoolean
    - WolfGeometry
  - WolfPipe (2.0.0)
  - WolfPubSub (1.0.1):
    - WolfConcurrency
    - WolfFoundation
  - WolfSec (3.0.0):
    - WolfFoundation
    - WolfPipe
  - WolfStrings (2.0.0):
    - ExtensibleEnumeratedName
    - WolfNumerics
    - WolfOSBridge
    - WolfPipe
    - WolfWith
  - WolfViewControllers (2.1.1):
    - WolfConcurrency
    - WolfFoundation
    - WolfLocale
    - WolfLog
    - WolfNesting
    - WolfStrings
    - WolfViews
  - WolfViews (1.1.0):
    - WolfAnimation
    - WolfApp
    - WolfAutolayout
    - WolfCache
    - WolfColor
    - WolfConcurrency
    - WolfFoundation
    - WolfGeometry
    - WolfImage
    - WolfLocale
    - WolfNesting
    - WolfOSBridge
    - WolfStrings
    - WolfWith
  - WolfWith (2.0.1)

DEPENDENCIES:
  - BezierKit (from `../../BezierKit`)
  - VectorBoolean (from `../../VectorBoolean`)
  - WolfCache (from `../../WolfCache`)
  - WolfColor (from `../../WolfColor`)
  - WolfConcurrency (from `../../WolfConcurrency`)
  - WolfFoundation (from `../../WolfFoundation`)
  - WolfGeometry (from `../../WolfGeometry`)
  - WolfGraph (from `../`)
  - WolfImage (from `../../WolfImage`)
  - WolfNetwork (from `../../WolfNetwork`)
  - WolfNumerics (from `../../WolfNumerics`)
  - WolfPaths (from `../../WolfPaths`)
  - WolfPipe (from `../../WolfPipe`)
  - WolfSec (from `../../WolfSec`)
  - WolfViewControllers (from `../../WolfViewControllers`)
  - WolfViews (from `../../WolfViews`)

SPEC REPOS:
  https://github.com/cocoapods/specs.git:
    - ExtensibleEnumeratedName
    - WolfAnimation
    - WolfApp
    - WolfAutolayout
    - WolfLocale
    - WolfLog
    - WolfNesting
    - WolfOSBridge
    - WolfPubSub
    - WolfStrings
    - WolfWith

EXTERNAL SOURCES:
  BezierKit:
    :path: "../../BezierKit"
  VectorBoolean:
    :path: "../../VectorBoolean"
  WolfCache:
    :path: "../../WolfCache"
  WolfColor:
    :path: "../../WolfColor"
  WolfConcurrency:
    :path: "../../WolfConcurrency"
  WolfFoundation:
    :path: "../../WolfFoundation"
  WolfGeometry:
    :path: "../../WolfGeometry"
  WolfGraph:
    :path: "../"
  WolfImage:
    :path: "../../WolfImage"
  WolfNetwork:
    :path: "../../WolfNetwork"
  WolfNumerics:
    :path: "../../WolfNumerics"
  WolfPaths:
    :path: "../../WolfPaths"
  WolfPipe:
    :path: "../../WolfPipe"
  WolfSec:
    :path: "../../WolfSec"
  WolfViewControllers:
    :path: "../../WolfViewControllers"
  WolfViews:
    :path: "../../WolfViews"

SPEC CHECKSUMS:
  BezierKit: 5d31283037ca3352891d145f26a7792e1c31d309
  ExtensibleEnumeratedName: 50f2d256f6d56baecf681f6fbb6362343dcf885b
  VectorBoolean: 071cf65e3bca4e0ea93ee9695cb0b62ba10245c5
  WolfAnimation: 015d7ae3bc4034637bbed2d194da9a20b98693b5
  WolfApp: a7510f65d535ba7aaa1fb999b0e48dfd969590f7
  WolfAutolayout: c663183345c2b96355622c73973543a38b398599
  WolfCache: 15171f174571f7b50efac9730c8274036f88f194
  WolfColor: d002da00b08a511c364baf7c1c7539878f09ef31
  WolfConcurrency: 52d6c7fd2f126020796a35b54dd1ddcd82c835b7
  WolfFoundation: df7514e9faf208f591f02cb156ddb537e2a14958
  WolfGeometry: 5746cc882f3f407d9d7c948d3cd1020e828c3c03
  WolfGraph: de67935ea9a122a504face53e74810a005e1e777
  WolfImage: 2b95775e99186b8386a91a56747d470f85dc932e
  WolfLocale: cc7921bc5d24c5e792603e7732c476385f969176
  WolfLog: b2f3483d6b69aaca1cd65c8e78cf84b20d5dbe50
  WolfNesting: a35fe79a277341df0e96c720fdce68fb8050f1cb
  WolfNetwork: 0761f7a35646b5bbf9e06c8b40f2122b8004d074
  WolfNumerics: 6a57756b668073414da8a6911b86781096aded37
  WolfOSBridge: e9260681790a7c89f725e134c0c1d4172d2d2dc9
  WolfPaths: 336019d6b394747225141fbf3dfbff79ddcb3483
  WolfPipe: 18ffb77a188263392893a62630defc2a5b92b4f3
  WolfPubSub: 9a29c3cf6c3ec1f70054febb22a612afcded5d9b
  WolfSec: ca7fe7e83a15f4f140fc5b3312ce2e96c0bfd8d3
  WolfStrings: edc63c08fbd1149ccbf5eca5020b13465084513b
  WolfViewControllers: 2311cb9beafe00e1432949ebc3637a1c4649d017
  WolfViews: 268dffa0478eefee0af2f5cf856af001e43aba07
  WolfWith: 2320a88a03a943df9ff1284c9cca10f86cb73c60

PODFILE CHECKSUM: bc87c81cc1d9c8e03b6841b5740e4b99e8a9829a

COCOAPODS: 1.7.0.beta.2
